// !$*UTF8*$!
{
	archiveVersion = 1;
	classes = {
	};
	objectVersion = 52;
	objects = {

/* Begin PBXBuildFile section */
		41038DE629C8B70500CE8195 /* PostAggregateDataProviderProtocol.swift in Sources */ = {isa = PBXBuildFile; fileRef = 41038DE529C8B70500CE8195 /* PostAggregateDataProviderProtocol.swift */; };
		41038DE829C8B78B00CE8195 /* DebugPostDataProvider.swift in Sources */ = {isa = PBXBuildFile; fileRef = 41038DE729C8B78B00CE8195 /* DebugPostDataProvider.swift */; };
		41038DEA29C8B95600CE8195 /* PostListTableViewDataSource.swift in Sources */ = {isa = PBXBuildFile; fileRef = 41038DE929C8B95600CE8195 /* PostListTableViewDataSource.swift */; };
		41038DEC29C970D700CE8195 /* PostAggregate.swift in Sources */ = {isa = PBXBuildFile; fileRef = 41038DEB29C970D700CE8195 /* PostAggregate.swift */; };
		41038DEE29C9719600CE8195 /* BloggerPreview.swift in Sources */ = {isa = PBXBuildFile; fileRef = 41038DED29C9719600CE8195 /* BloggerPreview.swift */; };
		41038DF029C9746400CE8195 /* PostItemTableViewCell.swift in Sources */ = {isa = PBXBuildFile; fileRef = 41038DEF29C9746400CE8195 /* PostItemTableViewCell.swift */; };
		411A848B29AD09C2002AA549 /* LocalAuthorizationService.swift in Sources */ = {isa = PBXBuildFile; fileRef = 411A848A29AD09C2002AA549 /* LocalAuthorizationService.swift */; };
		411A848D29AD0ABE002AA549 /* BiometricIDAuth.swift in Sources */ = {isa = PBXBuildFile; fileRef = 411A848C29AD0ABE002AA549 /* BiometricIDAuth.swift */; };
		411C845B274A6E670083FD12 /* ProfileTableHederView.swift in Sources */ = {isa = PBXBuildFile; fileRef = 411C845A274A6E670083FD12 /* ProfileTableHederView.swift */; };
		411F73DF27E5BCC400555D97 /* CredentialsCheckerService.swift in Sources */ = {isa = PBXBuildFile; fileRef = 411F73DE27E5BCC400555D97 /* CredentialsCheckerService.swift */; };
		411F73E227E5C0E200555D97 /* LoginViewControllerDelegateProtocol.swift in Sources */ = {isa = PBXBuildFile; fileRef = 411F73E127E5C0E200555D97 /* LoginViewControllerDelegateProtocol.swift */; };
		411F73E527E5C12F00555D97 /* LoginInspector.swift in Sources */ = {isa = PBXBuildFile; fileRef = 411F73E427E5C12F00555D97 /* LoginInspector.swift */; };
		411F73E827E6162300555D97 /* LoginFactoryProtocol.swift in Sources */ = {isa = PBXBuildFile; fileRef = 411F73E727E6162300555D97 /* LoginFactoryProtocol.swift */; };
		411F73EC27E616DE00555D97 /* LoginFactory.swift in Sources */ = {isa = PBXBuildFile; fileRef = 411F73EB27E616DE00555D97 /* LoginFactory.swift */; };
		411F73F127EEE99400555D97 /* CustomButton.swift in Sources */ = {isa = PBXBuildFile; fileRef = 411F73F027EEE99400555D97 /* CustomButton.swift */; };
		411F73F627F03CB200555D97 /* NewPostValidator.swift in Sources */ = {isa = PBXBuildFile; fileRef = 411F73F527F03CB200555D97 /* NewPostValidator.swift */; };
		412D778529C742A200BD23E8 /* LightColorPalette.swift in Sources */ = {isa = PBXBuildFile; fileRef = 412D778429C742A200BD23E8 /* LightColorPalette.swift */; };
		412D778729C7601500BD23E8 /* UiKitFacade.swift in Sources */ = {isa = PBXBuildFile; fileRef = 412D778629C7601400BD23E8 /* UiKitFacade.swift */; };
		412D778B29C7648E00BD23E8 /* ColorPaletteProtocol.swift in Sources */ = {isa = PBXBuildFile; fileRef = 412D778A29C7648E00BD23E8 /* ColorPaletteProtocol.swift */; };
		412D778D29C77A9200BD23E8 /* Typography.swift in Sources */ = {isa = PBXBuildFile; fileRef = 412D778C29C77A9200BD23E8 /* Typography.swift */; };
		412D778F29C77AB000BD23E8 /* TypographyProtocol.swift in Sources */ = {isa = PBXBuildFile; fileRef = 412D778E29C77AB000BD23E8 /* TypographyProtocol.swift */; };
		413118FB2835518E00582FCE /* GoogleService-Info.plist in Resources */ = {isa = PBXBuildFile; fileRef = 413118FA2835518E00582FCE /* GoogleService-Info.plist */; };
		413118FC2835518E00582FCE /* GoogleService-Info.plist in Resources */ = {isa = PBXBuildFile; fileRef = 413118FA2835518E00582FCE /* GoogleService-Info.plist */; };
		4135194D272673A7009739D1 /* ProfileHeaderView.swift in Sources */ = {isa = PBXBuildFile; fileRef = 4135194C272673A7009739D1 /* ProfileHeaderView.swift */; };
		413CA00A29A0DA3B00005D7F /* Localizable.strings in Resources */ = {isa = PBXBuildFile; fileRef = 413CA00C29A0DA3B00005D7F /* Localizable.strings */; };
		413CA00F29A204A300005D7F /* UIColorLightDarkExtension.swift in Sources */ = {isa = PBXBuildFile; fileRef = 413CA00E29A204A300005D7F /* UIColorLightDarkExtension.swift */; };
		413CA01E29A23F6000005D7F /* ProfileFactoryProtocol.swift in Sources */ = {isa = PBXBuildFile; fileRef = 413CA01D29A23F6000005D7F /* ProfileFactoryProtocol.swift */; };
		413CA02029A23FB600005D7F /* ProfileFactory.swift in Sources */ = {isa = PBXBuildFile; fileRef = 413CA01F29A23FB600005D7F /* ProfileFactory.swift */; };
		413E71F429B0F78D00723D71 /* LocalNotificationsService.swift in Sources */ = {isa = PBXBuildFile; fileRef = 413E71F329B0F78D00723D71 /* LocalNotificationsService.swift */; };
		4149A93D27F4AB1F0030C223 /* Coordinatable.swift in Sources */ = {isa = PBXBuildFile; fileRef = 4149A93C27F4AB1F0030C223 /* Coordinatable.swift */; };
		4149A94027F4AB820030C223 /* Presentable.swift in Sources */ = {isa = PBXBuildFile; fileRef = 4149A93F27F4AB820030C223 /* Presentable.swift */; };
		4149A94327F4ADC50030C223 /* CoordinatorOutputProtocol.swift in Sources */ = {isa = PBXBuildFile; fileRef = 4149A94227F4ADC50030C223 /* CoordinatorOutputProtocol.swift */; };
		4149A94627F4AED20030C223 /* ApplicationCoordinator.swift in Sources */ = {isa = PBXBuildFile; fileRef = 4149A94527F4AED20030C223 /* ApplicationCoordinator.swift */; };
		4149A94B27F5733B0030C223 /* FeedCoordinator.swift in Sources */ = {isa = PBXBuildFile; fileRef = 4149A94A27F5733B0030C223 /* FeedCoordinator.swift */; };
		4149A94E27F577900030C223 /* ProfileCoordinator.swift in Sources */ = {isa = PBXBuildFile; fileRef = 4149A94D27F577900030C223 /* ProfileCoordinator.swift */; };
		4149A95127F607650030C223 /* FeedPresenter.swift in Sources */ = {isa = PBXBuildFile; fileRef = 4149A95027F607650030C223 /* FeedPresenter.swift */; };
		4149A95427F6BA660030C223 /* FeedViewDelegate.swift in Sources */ = {isa = PBXBuildFile; fileRef = 4149A95327F6BA660030C223 /* FeedViewDelegate.swift */; };
		415012BF275B98D900FF62BB /* PostTableViewCell.swift in Sources */ = {isa = PBXBuildFile; fileRef = 415012BE275B98D900FF62BB /* PostTableViewCell.swift */; };
		4194721627F9AF010075A056 /* FeedView.swift in Sources */ = {isa = PBXBuildFile; fileRef = 4194721127F9AF000075A056 /* FeedView.swift */; };
		4194721927F9AF010075A056 /* PostAggregateViewController.swift in Sources */ = {isa = PBXBuildFile; fileRef = 4194721427F9AF010075A056 /* PostAggregateViewController.swift */; };
		4194722027F9AF170075A056 /* UserService.swift in Sources */ = {isa = PBXBuildFile; fileRef = 4194721C27F9AF170075A056 /* UserService.swift */; };
		4194722227F9AF170075A056 /* User.swift in Sources */ = {isa = PBXBuildFile; fileRef = 4194721E27F9AF170075A056 /* User.swift */; };
		4194722327F9AF170075A056 /* CurrentUserService.swift in Sources */ = {isa = PBXBuildFile; fileRef = 4194721F27F9AF170075A056 /* CurrentUserService.swift */; };
		4194722827F9B0F70075A056 /* FeedViewController.swift in Sources */ = {isa = PBXBuildFile; fileRef = 4194722727F9B0F70075A056 /* FeedViewController.swift */; };
		41A384E2273B938600B2B76C /* LogInViewController.swift in Sources */ = {isa = PBXBuildFile; fileRef = 41A384E1273B938600B2B76C /* LogInViewController.swift */; };
		41A384E5273B95B300B2B76C /* LogInView.swift in Sources */ = {isa = PBXBuildFile; fileRef = 41A384E4273B95B300B2B76C /* LogInView.swift */; };
		41A5EF832807EA3F00A12C07 /* NetworkService.swift in Sources */ = {isa = PBXBuildFile; fileRef = 41A5EF822807EA3F00A12C07 /* NetworkService.swift */; };
		41B9053A27BABC830020A8DD /* StorageService.h in Headers */ = {isa = PBXBuildFile; fileRef = 41B9053827BABC830020A8DD /* StorageService.h */; settings = {ATTRIBUTES = (Public, ); }; };
		41B9053D27BABC830020A8DD /* StorageService.framework in Frameworks */ = {isa = PBXBuildFile; fileRef = 41B9053627BABC830020A8DD /* StorageService.framework */; };
		41B9053E27BABC830020A8DD /* StorageService.framework in Embed Frameworks */ = {isa = PBXBuildFile; fileRef = 41B9053627BABC830020A8DD /* StorageService.framework */; settings = {ATTRIBUTES = (CodeSignOnCopy, RemoveHeadersOnCopy, ); }; };
		41B9054427BABCD50020A8DD /* Post.swift in Sources */ = {isa = PBXBuildFile; fileRef = 4135193C2721C798009739D1 /* Post.swift */; };
		41C270B729CACC4A00B40F43 /* FirestorePostAggregateDataProvider.swift in Sources */ = {isa = PBXBuildFile; fileRef = 41C270B629CACC4A00B40F43 /* FirestorePostAggregateDataProvider.swift */; };
		41C270B929CC2A2A00B40F43 /* PostItem.swift in Sources */ = {isa = PBXBuildFile; fileRef = 41C270B829CC2A2A00B40F43 /* PostItem.swift */; };
		41C270BB29CF6E5100B40F43 /* BloggerDataProviderProtocol.swift in Sources */ = {isa = PBXBuildFile; fileRef = 41C270BA29CF6E5100B40F43 /* BloggerDataProviderProtocol.swift */; };
		41C270BD29CF6EBF00B40F43 /* FirestoreBloggerDataProvider.swift in Sources */ = {isa = PBXBuildFile; fileRef = 41C270BC29CF6EBF00B40F43 /* FirestoreBloggerDataProvider.swift */; };
		41C270BF29D00D0D00B40F43 /* PostComment.swift in Sources */ = {isa = PBXBuildFile; fileRef = 41C270BE29D00D0D00B40F43 /* PostComment.swift */; };
		41C270C129D00E7C00B40F43 /* PostCommentDataProviderProtocol.swift in Sources */ = {isa = PBXBuildFile; fileRef = 41C270C029D00E7C00B40F43 /* PostCommentDataProviderProtocol.swift */; };
		41C270C329D01E7900B40F43 /* FirestorePostCommentDataProvider.swift in Sources */ = {isa = PBXBuildFile; fileRef = 41C270C229D01E7900B40F43 /* FirestorePostCommentDataProvider.swift */; };
		41C270C529D03AB500B40F43 /* PostDataProviderProtocol.swift in Sources */ = {isa = PBXBuildFile; fileRef = 41C270C429D03AB500B40F43 /* PostDataProviderProtocol.swift */; };
		41C270C729D03B3500B40F43 /* FirestorePostDataProvider.swift in Sources */ = {isa = PBXBuildFile; fileRef = 41C270C629D03B3500B40F43 /* FirestorePostDataProvider.swift */; };
		41C270C929D0448F00B40F43 /* PostAggregateDetailViewCoordinator.swift in Sources */ = {isa = PBXBuildFile; fileRef = 41C270C829D0448F00B40F43 /* PostAggregateDetailViewCoordinator.swift */; };
		41C270CB29D05ECF00B40F43 /* CreatePostViewController.swift in Sources */ = {isa = PBXBuildFile; fileRef = 41C270CA29D05ECF00B40F43 /* CreatePostViewController.swift */; };
		41C270CD29D0614900B40F43 /* PostItemFormCoordinator.swift in Sources */ = {isa = PBXBuildFile; fileRef = 41C270CC29D0614900B40F43 /* PostItemFormCoordinator.swift */; };
		41C270CF29D067C300B40F43 /* PostItemDataStorageProtocol.swift in Sources */ = {isa = PBXBuildFile; fileRef = 41C270CE29D067C300B40F43 /* PostItemDataStorageProtocol.swift */; };
		41C270D129D0683C00B40F43 /* FirestorePostItemDataStorage.swift in Sources */ = {isa = PBXBuildFile; fileRef = 41C270D029D0683C00B40F43 /* FirestorePostItemDataStorage.swift */; };
		41C270D529D15D5400B40F43 /* FileUploaderProtocol.swift in Sources */ = {isa = PBXBuildFile; fileRef = 41C270D429D15D5400B40F43 /* FileUploaderProtocol.swift */; };
		41C270D729D15DCE00B40F43 /* UploadcareFileUploader.swift in Sources */ = {isa = PBXBuildFile; fileRef = 41C270D629D15DCE00B40F43 /* UploadcareFileUploader.swift */; };
		41C270DA29D16B9900B40F43 /* Config.swift in Sources */ = {isa = PBXBuildFile; fileRef = 41C270D929D16B9900B40F43 /* Config.swift */; };
		41C270DF29D4A29900B40F43 /* BloggerDataStorageProtocol.swift in Sources */ = {isa = PBXBuildFile; fileRef = 41C270DE29D4A29900B40F43 /* BloggerDataStorageProtocol.swift */; };
		41C270E129D4A33200B40F43 /* FirestoreBloggerDataStorage.swift in Sources */ = {isa = PBXBuildFile; fileRef = 41C270E029D4A33200B40F43 /* FirestoreBloggerDataStorage.swift */; };
		41C3FD6A29698B23009D3920 /* AuthUserStorageProtocol.swift in Sources */ = {isa = PBXBuildFile; fileRef = 41C3FD6929698B23009D3920 /* AuthUserStorageProtocol.swift */; };
		41C3FD6C29698B67009D3920 /* StoredAuthUserProtocol.swift in Sources */ = {isa = PBXBuildFile; fileRef = 41C3FD6B29698B67009D3920 /* StoredAuthUserProtocol.swift */; };
		41C3FD6E29698C0E009D3920 /* RealmAuthUserStorage.swift in Sources */ = {isa = PBXBuildFile; fileRef = 41C3FD6D29698C0E009D3920 /* RealmAuthUserStorage.swift */; };
		41C3FD7029698C4B009D3920 /* RealmStoredAuthUser.swift in Sources */ = {isa = PBXBuildFile; fileRef = 41C3FD6F29698C4B009D3920 /* RealmStoredAuthUser.swift */; };
		41E6CD0E272075F60030EF9A /* AppDelegate.swift in Sources */ = {isa = PBXBuildFile; fileRef = 41E6CD0D272075F60030EF9A /* AppDelegate.swift */; };
		41E6CD10272075F60030EF9A /* SceneDelegate.swift in Sources */ = {isa = PBXBuildFile; fileRef = 41E6CD0F272075F60030EF9A /* SceneDelegate.swift */; };
		41E6CD17272075F90030EF9A /* Assets.xcassets in Resources */ = {isa = PBXBuildFile; fileRef = 41E6CD16272075F90030EF9A /* Assets.xcassets */; };
		41E6CD1A272075F90030EF9A /* LaunchScreen.storyboard in Resources */ = {isa = PBXBuildFile; fileRef = 41E6CD18272075F90030EF9A /* LaunchScreen.storyboard */; };
		41E6CD2927213DF00030EF9A /* ProfileViewController.swift in Sources */ = {isa = PBXBuildFile; fileRef = 41E6CD2827213DF00030EF9A /* ProfileViewController.swift */; };
		41F0BF6429AB6AC100A21B4F /* ProfileCoordinator.swift in Sources */ = {isa = PBXBuildFile; fileRef = 4149A94D27F577900030C223 /* ProfileCoordinator.swift */; };
		41F0BF6729AB6AF200A21B4F /* ProfileCoordinatorTest.swift in Sources */ = {isa = PBXBuildFile; fileRef = 41F0BF6629AB6AF200A21B4F /* ProfileCoordinatorTest.swift */; };
		41F0BF6829AB6C9900A21B4F /* Coordinatable.swift in Sources */ = {isa = PBXBuildFile; fileRef = 4149A93C27F4AB1F0030C223 /* Coordinatable.swift */; };
		41F0BF6929AB6CC400A21B4F /* LoginFactoryProtocol.swift in Sources */ = {isa = PBXBuildFile; fileRef = 411F73E727E6162300555D97 /* LoginFactoryProtocol.swift */; };
		41F0BF6A29AB6CF400A21B4F /* ProfileFactoryProtocol.swift in Sources */ = {isa = PBXBuildFile; fileRef = 413CA01D29A23F6000005D7F /* ProfileFactoryProtocol.swift */; };
		41F0BF6B29AB6D3500A21B4F /* LoginViewControllerDelegateProtocol.swift in Sources */ = {isa = PBXBuildFile; fileRef = 411F73E127E5C0E200555D97 /* LoginViewControllerDelegateProtocol.swift */; };
		41F0BF6C29AB6D3D00A21B4F /* CurrentUserService.swift in Sources */ = {isa = PBXBuildFile; fileRef = 4194721F27F9AF170075A056 /* CurrentUserService.swift */; };
		41F0BF6D29AB6D4500A21B4F /* UserService.swift in Sources */ = {isa = PBXBuildFile; fileRef = 4194721C27F9AF170075A056 /* UserService.swift */; };
		41F0BF6E29AB6D5500A21B4F /* User.swift in Sources */ = {isa = PBXBuildFile; fileRef = 4194721E27F9AF170075A056 /* User.swift */; };
		41F0BF6F29AB6D6900A21B4F /* SignUpViewControllerDelegateProtocol.swift in Sources */ = {isa = PBXBuildFile; fileRef = 41F37E70283FE81C00514E0A /* SignUpViewControllerDelegateProtocol.swift */; };
		41F0BF7229AB6EE000A21B4F /* UINavigationControllerSpy.swift in Sources */ = {isa = PBXBuildFile; fileRef = 41F0BF7129AB6EE000A21B4F /* UINavigationControllerSpy.swift */; };
		41F0BF7929AB718600A21B4F /* LoginFactoryDummy+TestDoubles.swift in Sources */ = {isa = PBXBuildFile; fileRef = 41F0BF7829AB718600A21B4F /* LoginFactoryDummy+TestDoubles.swift */; };
		41F0BF7B29AB723300A21B4F /* ProfileFactoryDummy.swift in Sources */ = {isa = PBXBuildFile; fileRef = 41F0BF7A29AB723300A21B4F /* ProfileFactoryDummy.swift */; };
		41F0BF7D29AB728700A21B4F /* UserServiceDummy.swift in Sources */ = {isa = PBXBuildFile; fileRef = 41F0BF7C29AB728700A21B4F /* UserServiceDummy.swift */; };
		41F0BF7F29AB787F00A21B4F /* LogInViewControllerProtocol.swift in Sources */ = {isa = PBXBuildFile; fileRef = 41F0BF7E29AB787F00A21B4F /* LogInViewControllerProtocol.swift */; };
		41F0BF8029AB787F00A21B4F /* LogInViewControllerProtocol.swift in Sources */ = {isa = PBXBuildFile; fileRef = 41F0BF7E29AB787F00A21B4F /* LogInViewControllerProtocol.swift */; };
		41F0BF8229AB7A5400A21B4F /* ProfileViewControllerProtocol.swift in Sources */ = {isa = PBXBuildFile; fileRef = 41F0BF8129AB7A5400A21B4F /* ProfileViewControllerProtocol.swift */; };
		41F0BF8329AB7A5400A21B4F /* ProfileViewControllerProtocol.swift in Sources */ = {isa = PBXBuildFile; fileRef = 41F0BF8129AB7A5400A21B4F /* ProfileViewControllerProtocol.swift */; };
		41F353E2293FA3CB00B906A6 /* CheckerServiceProtocol.swift in Sources */ = {isa = PBXBuildFile; fileRef = 41F353E1293FA3CA00B906A6 /* CheckerServiceProtocol.swift */; };
		41F353E4293FA49200B906A6 /* CheckerService.swift in Sources */ = {isa = PBXBuildFile; fileRef = 41F353E3293FA49200B906A6 /* CheckerService.swift */; };
		41F37E71283FE81C00514E0A /* SignUpViewControllerDelegateProtocol.swift in Sources */ = {isa = PBXBuildFile; fileRef = 41F37E70283FE81C00514E0A /* SignUpViewControllerDelegateProtocol.swift */; };
		41FEC57627BEB4F800B92E40 /* iOSIntPackage in Frameworks */ = {isa = PBXBuildFile; productRef = 41FEC57527BEB4F800B92E40 /* iOSIntPackage */; };
		92EE84003CF65A457F6A62D8 /* Pods_Navigation.framework in Frameworks */ = {isa = PBXBuildFile; fileRef = 4707456AEBC2D93E85EEF195 /* Pods_Navigation.framework */; };
/* End PBXBuildFile section */

/* Begin PBXContainerItemProxy section */
		413CA01829A2386100005D7F /* PBXContainerItemProxy */ = {
			isa = PBXContainerItemProxy;
			containerPortal = 41E6CD02272075F50030EF9A /* Project object */;
			proxyType = 1;
			remoteGlobalIDString = 41E6CD09272075F50030EF9A;
			remoteInfo = Navigation;
		};
		41B9053B27BABC830020A8DD /* PBXContainerItemProxy */ = {
			isa = PBXContainerItemProxy;
			containerPortal = 41E6CD02272075F50030EF9A /* Project object */;
			proxyType = 1;
			remoteGlobalIDString = 41B9053527BABC830020A8DD;
			remoteInfo = StorageService;
		};
/* End PBXContainerItemProxy section */

/* Begin PBXCopyFilesBuildPhase section */
		41B9053F27BABC830020A8DD /* Embed Frameworks */ = {
			isa = PBXCopyFilesBuildPhase;
			buildActionMask = 2147483647;
			dstPath = "";
			dstSubfolderSpec = 10;
			files = (
				41B9053E27BABC830020A8DD /* StorageService.framework in Embed Frameworks */,
			);
			name = "Embed Frameworks";
			runOnlyForDeploymentPostprocessing = 0;
		};
/* End PBXCopyFilesBuildPhase section */

/* Begin PBXFileReference section */
		290D7993F50973178B8D57E3 /* Pods-Navigation.release.xcconfig */ = {isa = PBXFileReference; includeInIndex = 1; lastKnownFileType = text.xcconfig; name = "Pods-Navigation.release.xcconfig"; path = "Target Support Files/Pods-Navigation/Pods-Navigation.release.xcconfig"; sourceTree = "<group>"; };
		41038DE529C8B70500CE8195 /* PostAggregateDataProviderProtocol.swift */ = {isa = PBXFileReference; lastKnownFileType = sourcecode.swift; path = PostAggregateDataProviderProtocol.swift; sourceTree = "<group>"; };
		41038DE729C8B78B00CE8195 /* DebugPostDataProvider.swift */ = {isa = PBXFileReference; lastKnownFileType = sourcecode.swift; path = DebugPostDataProvider.swift; sourceTree = "<group>"; };
		41038DE929C8B95600CE8195 /* PostListTableViewDataSource.swift */ = {isa = PBXFileReference; lastKnownFileType = sourcecode.swift; path = PostListTableViewDataSource.swift; sourceTree = "<group>"; };
		41038DEB29C970D700CE8195 /* PostAggregate.swift */ = {isa = PBXFileReference; lastKnownFileType = sourcecode.swift; path = PostAggregate.swift; sourceTree = "<group>"; };
		41038DED29C9719600CE8195 /* BloggerPreview.swift */ = {isa = PBXFileReference; lastKnownFileType = sourcecode.swift; path = BloggerPreview.swift; sourceTree = "<group>"; };
		41038DEF29C9746400CE8195 /* PostItemTableViewCell.swift */ = {isa = PBXFileReference; lastKnownFileType = sourcecode.swift; path = PostItemTableViewCell.swift; sourceTree = "<group>"; };
		411A848A29AD09C2002AA549 /* LocalAuthorizationService.swift */ = {isa = PBXFileReference; lastKnownFileType = sourcecode.swift; path = LocalAuthorizationService.swift; sourceTree = "<group>"; };
		411A848C29AD0ABE002AA549 /* BiometricIDAuth.swift */ = {isa = PBXFileReference; lastKnownFileType = sourcecode.swift; path = BiometricIDAuth.swift; sourceTree = "<group>"; };
		411C845A274A6E670083FD12 /* ProfileTableHederView.swift */ = {isa = PBXFileReference; lastKnownFileType = sourcecode.swift; path = ProfileTableHederView.swift; sourceTree = "<group>"; };
		411F73DE27E5BCC400555D97 /* CredentialsCheckerService.swift */ = {isa = PBXFileReference; lastKnownFileType = sourcecode.swift; path = CredentialsCheckerService.swift; sourceTree = "<group>"; };
		411F73E127E5C0E200555D97 /* LoginViewControllerDelegateProtocol.swift */ = {isa = PBXFileReference; lastKnownFileType = sourcecode.swift; path = LoginViewControllerDelegateProtocol.swift; sourceTree = "<group>"; };
		411F73E427E5C12F00555D97 /* LoginInspector.swift */ = {isa = PBXFileReference; lastKnownFileType = sourcecode.swift; path = LoginInspector.swift; sourceTree = "<group>"; };
		411F73E727E6162300555D97 /* LoginFactoryProtocol.swift */ = {isa = PBXFileReference; lastKnownFileType = sourcecode.swift; path = LoginFactoryProtocol.swift; sourceTree = "<group>"; };
		411F73EB27E616DE00555D97 /* LoginFactory.swift */ = {isa = PBXFileReference; lastKnownFileType = sourcecode.swift; path = LoginFactory.swift; sourceTree = "<group>"; };
		411F73F027EEE99400555D97 /* CustomButton.swift */ = {isa = PBXFileReference; lastKnownFileType = sourcecode.swift; path = CustomButton.swift; sourceTree = "<group>"; };
		411F73F527F03CB200555D97 /* NewPostValidator.swift */ = {isa = PBXFileReference; lastKnownFileType = sourcecode.swift; path = NewPostValidator.swift; sourceTree = "<group>"; };
		412D778429C742A200BD23E8 /* LightColorPalette.swift */ = {isa = PBXFileReference; lastKnownFileType = sourcecode.swift; path = LightColorPalette.swift; sourceTree = "<group>"; };
		412D778629C7601400BD23E8 /* UiKitFacade.swift */ = {isa = PBXFileReference; lastKnownFileType = sourcecode.swift; path = UiKitFacade.swift; sourceTree = "<group>"; };
		412D778A29C7648E00BD23E8 /* ColorPaletteProtocol.swift */ = {isa = PBXFileReference; lastKnownFileType = sourcecode.swift; path = ColorPaletteProtocol.swift; sourceTree = "<group>"; };
		412D778C29C77A9200BD23E8 /* Typography.swift */ = {isa = PBXFileReference; lastKnownFileType = sourcecode.swift; path = Typography.swift; sourceTree = "<group>"; };
		412D778E29C77AB000BD23E8 /* TypographyProtocol.swift */ = {isa = PBXFileReference; lastKnownFileType = sourcecode.swift; path = TypographyProtocol.swift; sourceTree = "<group>"; };
		413118FA2835518E00582FCE /* GoogleService-Info.plist */ = {isa = PBXFileReference; fileEncoding = 4; lastKnownFileType = text.plist.xml; name = "GoogleService-Info.plist"; path = "../../../../../../Downloads/GoogleService-Info.plist"; sourceTree = "<group>"; };
		4135193C2721C798009739D1 /* Post.swift */ = {isa = PBXFileReference; lastKnownFileType = sourcecode.swift; path = Post.swift; sourceTree = "<group>"; };
		4135194C272673A7009739D1 /* ProfileHeaderView.swift */ = {isa = PBXFileReference; lastKnownFileType = sourcecode.swift; path = ProfileHeaderView.swift; sourceTree = "<group>"; };
		413C9FFD29A0CCA400005D7F /* ru */ = {isa = PBXFileReference; lastKnownFileType = text.plist.strings; name = ru; path = ru.lproj/LaunchScreen.strings; sourceTree = "<group>"; };
		413CA00B29A0DA3B00005D7F /* en */ = {isa = PBXFileReference; lastKnownFileType = text.plist.strings; name = en; path = en.lproj/Localizable.strings; sourceTree = "<group>"; };
		413CA00D29A0DA4100005D7F /* ru */ = {isa = PBXFileReference; lastKnownFileType = text.plist.strings; name = ru; path = ru.lproj/Localizable.strings; sourceTree = "<group>"; };
		413CA00E29A204A300005D7F /* UIColorLightDarkExtension.swift */ = {isa = PBXFileReference; lastKnownFileType = sourcecode.swift; path = UIColorLightDarkExtension.swift; sourceTree = "<group>"; };
		413CA01429A2386100005D7F /* NavigationTests.xctest */ = {isa = PBXFileReference; explicitFileType = wrapper.cfbundle; includeInIndex = 0; path = NavigationTests.xctest; sourceTree = BUILT_PRODUCTS_DIR; };
		413CA01D29A23F6000005D7F /* ProfileFactoryProtocol.swift */ = {isa = PBXFileReference; lastKnownFileType = sourcecode.swift; path = ProfileFactoryProtocol.swift; sourceTree = "<group>"; };
		413CA01F29A23FB600005D7F /* ProfileFactory.swift */ = {isa = PBXFileReference; lastKnownFileType = sourcecode.swift; path = ProfileFactory.swift; sourceTree = "<group>"; };
		413E71F329B0F78D00723D71 /* LocalNotificationsService.swift */ = {isa = PBXFileReference; lastKnownFileType = sourcecode.swift; path = LocalNotificationsService.swift; sourceTree = "<group>"; };
		4149A93C27F4AB1F0030C223 /* Coordinatable.swift */ = {isa = PBXFileReference; lastKnownFileType = sourcecode.swift; path = Coordinatable.swift; sourceTree = "<group>"; };
		4149A93F27F4AB820030C223 /* Presentable.swift */ = {isa = PBXFileReference; lastKnownFileType = sourcecode.swift; path = Presentable.swift; sourceTree = "<group>"; };
		4149A94227F4ADC50030C223 /* CoordinatorOutputProtocol.swift */ = {isa = PBXFileReference; lastKnownFileType = sourcecode.swift; path = CoordinatorOutputProtocol.swift; sourceTree = "<group>"; };
		4149A94527F4AED20030C223 /* ApplicationCoordinator.swift */ = {isa = PBXFileReference; lastKnownFileType = sourcecode.swift; path = ApplicationCoordinator.swift; sourceTree = "<group>"; };
		4149A94A27F5733B0030C223 /* FeedCoordinator.swift */ = {isa = PBXFileReference; lastKnownFileType = sourcecode.swift; path = FeedCoordinator.swift; sourceTree = "<group>"; };
		4149A94D27F577900030C223 /* ProfileCoordinator.swift */ = {isa = PBXFileReference; lastKnownFileType = sourcecode.swift; path = ProfileCoordinator.swift; sourceTree = "<group>"; };
		4149A95027F607650030C223 /* FeedPresenter.swift */ = {isa = PBXFileReference; lastKnownFileType = sourcecode.swift; path = FeedPresenter.swift; sourceTree = "<group>"; };
		4149A95327F6BA660030C223 /* FeedViewDelegate.swift */ = {isa = PBXFileReference; lastKnownFileType = sourcecode.swift; path = FeedViewDelegate.swift; sourceTree = "<group>"; };
		415012BE275B98D900FF62BB /* PostTableViewCell.swift */ = {isa = PBXFileReference; lastKnownFileType = sourcecode.swift; path = PostTableViewCell.swift; sourceTree = "<group>"; };
		4194721127F9AF000075A056 /* FeedView.swift */ = {isa = PBXFileReference; fileEncoding = 4; lastKnownFileType = sourcecode.swift; path = FeedView.swift; sourceTree = "<group>"; };
		4194721427F9AF010075A056 /* PostAggregateViewController.swift */ = {isa = PBXFileReference; fileEncoding = 4; lastKnownFileType = sourcecode.swift; path = PostAggregateViewController.swift; sourceTree = "<group>"; };
		4194721C27F9AF170075A056 /* UserService.swift */ = {isa = PBXFileReference; fileEncoding = 4; lastKnownFileType = sourcecode.swift; path = UserService.swift; sourceTree = "<group>"; };
		4194721E27F9AF170075A056 /* User.swift */ = {isa = PBXFileReference; fileEncoding = 4; lastKnownFileType = sourcecode.swift; path = User.swift; sourceTree = "<group>"; };
		4194721F27F9AF170075A056 /* CurrentUserService.swift */ = {isa = PBXFileReference; fileEncoding = 4; lastKnownFileType = sourcecode.swift; path = CurrentUserService.swift; sourceTree = "<group>"; };
		4194722727F9B0F70075A056 /* FeedViewController.swift */ = {isa = PBXFileReference; fileEncoding = 4; lastKnownFileType = sourcecode.swift; path = FeedViewController.swift; sourceTree = "<group>"; };
		41A384E1273B938600B2B76C /* LogInViewController.swift */ = {isa = PBXFileReference; lastKnownFileType = sourcecode.swift; path = LogInViewController.swift; sourceTree = "<group>"; };
		41A384E4273B95B300B2B76C /* LogInView.swift */ = {isa = PBXFileReference; lastKnownFileType = sourcecode.swift; path = LogInView.swift; sourceTree = "<group>"; };
		41A5EF822807EA3F00A12C07 /* NetworkService.swift */ = {isa = PBXFileReference; lastKnownFileType = sourcecode.swift; path = NetworkService.swift; sourceTree = "<group>"; };
		41B9053627BABC830020A8DD /* StorageService.framework */ = {isa = PBXFileReference; explicitFileType = wrapper.framework; includeInIndex = 0; path = StorageService.framework; sourceTree = BUILT_PRODUCTS_DIR; };
		41B9053827BABC830020A8DD /* StorageService.h */ = {isa = PBXFileReference; lastKnownFileType = sourcecode.c.h; path = StorageService.h; sourceTree = "<group>"; };
		41B9053927BABC830020A8DD /* Info.plist */ = {isa = PBXFileReference; lastKnownFileType = text.plist.xml; path = Info.plist; sourceTree = "<group>"; };
		41C270B629CACC4A00B40F43 /* FirestorePostAggregateDataProvider.swift */ = {isa = PBXFileReference; lastKnownFileType = sourcecode.swift; path = FirestorePostAggregateDataProvider.swift; sourceTree = "<group>"; };
		41C270B829CC2A2A00B40F43 /* PostItem.swift */ = {isa = PBXFileReference; lastKnownFileType = sourcecode.swift; path = PostItem.swift; sourceTree = "<group>"; };
		41C270BA29CF6E5100B40F43 /* BloggerDataProviderProtocol.swift */ = {isa = PBXFileReference; lastKnownFileType = sourcecode.swift; path = BloggerDataProviderProtocol.swift; sourceTree = "<group>"; };
		41C270BC29CF6EBF00B40F43 /* FirestoreBloggerDataProvider.swift */ = {isa = PBXFileReference; lastKnownFileType = sourcecode.swift; path = FirestoreBloggerDataProvider.swift; sourceTree = "<group>"; };
		41C270BE29D00D0D00B40F43 /* PostComment.swift */ = {isa = PBXFileReference; lastKnownFileType = sourcecode.swift; path = PostComment.swift; sourceTree = "<group>"; };
		41C270C029D00E7C00B40F43 /* PostCommentDataProviderProtocol.swift */ = {isa = PBXFileReference; lastKnownFileType = sourcecode.swift; path = PostCommentDataProviderProtocol.swift; sourceTree = "<group>"; };
		41C270C229D01E7900B40F43 /* FirestorePostCommentDataProvider.swift */ = {isa = PBXFileReference; lastKnownFileType = sourcecode.swift; path = FirestorePostCommentDataProvider.swift; sourceTree = "<group>"; };
		41C270C429D03AB500B40F43 /* PostDataProviderProtocol.swift */ = {isa = PBXFileReference; lastKnownFileType = sourcecode.swift; path = PostDataProviderProtocol.swift; sourceTree = "<group>"; };
		41C270C629D03B3500B40F43 /* FirestorePostDataProvider.swift */ = {isa = PBXFileReference; lastKnownFileType = sourcecode.swift; path = FirestorePostDataProvider.swift; sourceTree = "<group>"; };
		41C270C829D0448F00B40F43 /* PostAggregateDetailViewCoordinator.swift */ = {isa = PBXFileReference; lastKnownFileType = sourcecode.swift; path = PostAggregateDetailViewCoordinator.swift; sourceTree = "<group>"; };
		41C270CA29D05ECF00B40F43 /* CreatePostViewController.swift */ = {isa = PBXFileReference; lastKnownFileType = sourcecode.swift; path = CreatePostViewController.swift; sourceTree = "<group>"; };
		41C270CC29D0614900B40F43 /* PostItemFormCoordinator.swift */ = {isa = PBXFileReference; lastKnownFileType = sourcecode.swift; path = PostItemFormCoordinator.swift; sourceTree = "<group>"; };
		41C270CE29D067C300B40F43 /* PostItemDataStorageProtocol.swift */ = {isa = PBXFileReference; lastKnownFileType = sourcecode.swift; path = PostItemDataStorageProtocol.swift; sourceTree = "<group>"; };
		41C270D029D0683C00B40F43 /* FirestorePostItemDataStorage.swift */ = {isa = PBXFileReference; lastKnownFileType = sourcecode.swift; path = FirestorePostItemDataStorage.swift; sourceTree = "<group>"; };
		41C270D429D15D5400B40F43 /* FileUploaderProtocol.swift */ = {isa = PBXFileReference; lastKnownFileType = sourcecode.swift; path = FileUploaderProtocol.swift; sourceTree = "<group>"; };
		41C270D629D15DCE00B40F43 /* UploadcareFileUploader.swift */ = {isa = PBXFileReference; lastKnownFileType = sourcecode.swift; path = UploadcareFileUploader.swift; sourceTree = "<group>"; };
		41C270D829D1690600B40F43 /* Config.xcconfig */ = {isa = PBXFileReference; lastKnownFileType = text.xcconfig; path = Config.xcconfig; sourceTree = "<group>"; };
		41C270D929D16B9900B40F43 /* Config.swift */ = {isa = PBXFileReference; lastKnownFileType = sourcecode.swift; path = Config.swift; sourceTree = "<group>"; };
		41C270DE29D4A29900B40F43 /* BloggerDataStorageProtocol.swift */ = {isa = PBXFileReference; lastKnownFileType = sourcecode.swift; path = BloggerDataStorageProtocol.swift; sourceTree = "<group>"; };
		41C270E029D4A33200B40F43 /* FirestoreBloggerDataStorage.swift */ = {isa = PBXFileReference; lastKnownFileType = sourcecode.swift; path = FirestoreBloggerDataStorage.swift; sourceTree = "<group>"; };
		41C3FD6929698B23009D3920 /* AuthUserStorageProtocol.swift */ = {isa = PBXFileReference; lastKnownFileType = sourcecode.swift; path = AuthUserStorageProtocol.swift; sourceTree = "<group>"; };
		41C3FD6B29698B67009D3920 /* StoredAuthUserProtocol.swift */ = {isa = PBXFileReference; lastKnownFileType = sourcecode.swift; path = StoredAuthUserProtocol.swift; sourceTree = "<group>"; };
		41C3FD6D29698C0E009D3920 /* RealmAuthUserStorage.swift */ = {isa = PBXFileReference; lastKnownFileType = sourcecode.swift; path = RealmAuthUserStorage.swift; sourceTree = "<group>"; };
		41C3FD6F29698C4B009D3920 /* RealmStoredAuthUser.swift */ = {isa = PBXFileReference; lastKnownFileType = sourcecode.swift; path = RealmStoredAuthUser.swift; sourceTree = "<group>"; };
		41E6CD0A272075F60030EF9A /* Navigation.app */ = {isa = PBXFileReference; explicitFileType = wrapper.application; includeInIndex = 0; path = Navigation.app; sourceTree = BUILT_PRODUCTS_DIR; };
		41E6CD0D272075F60030EF9A /* AppDelegate.swift */ = {isa = PBXFileReference; lastKnownFileType = sourcecode.swift; path = AppDelegate.swift; sourceTree = "<group>"; };
		41E6CD0F272075F60030EF9A /* SceneDelegate.swift */ = {isa = PBXFileReference; lastKnownFileType = sourcecode.swift; path = SceneDelegate.swift; sourceTree = "<group>"; };
		41E6CD16272075F90030EF9A /* Assets.xcassets */ = {isa = PBXFileReference; lastKnownFileType = folder.assetcatalog; path = Assets.xcassets; sourceTree = "<group>"; };
		41E6CD19272075F90030EF9A /* Base */ = {isa = PBXFileReference; lastKnownFileType = file.storyboard; name = Base; path = Base.lproj/LaunchScreen.storyboard; sourceTree = "<group>"; };
		41E6CD1B272075F90030EF9A /* Info.plist */ = {isa = PBXFileReference; lastKnownFileType = text.plist.xml; path = Info.plist; sourceTree = "<group>"; };
		41E6CD2827213DF00030EF9A /* ProfileViewController.swift */ = {isa = PBXFileReference; lastKnownFileType = sourcecode.swift; path = ProfileViewController.swift; sourceTree = "<group>"; };
		41F0BF6629AB6AF200A21B4F /* ProfileCoordinatorTest.swift */ = {isa = PBXFileReference; lastKnownFileType = sourcecode.swift; path = ProfileCoordinatorTest.swift; sourceTree = "<group>"; };
		41F0BF7129AB6EE000A21B4F /* UINavigationControllerSpy.swift */ = {isa = PBXFileReference; lastKnownFileType = sourcecode.swift; path = UINavigationControllerSpy.swift; sourceTree = "<group>"; };
		41F0BF7829AB718600A21B4F /* LoginFactoryDummy+TestDoubles.swift */ = {isa = PBXFileReference; lastKnownFileType = sourcecode.swift; path = "LoginFactoryDummy+TestDoubles.swift"; sourceTree = "<group>"; };
		41F0BF7A29AB723300A21B4F /* ProfileFactoryDummy.swift */ = {isa = PBXFileReference; lastKnownFileType = sourcecode.swift; path = ProfileFactoryDummy.swift; sourceTree = "<group>"; };
		41F0BF7C29AB728700A21B4F /* UserServiceDummy.swift */ = {isa = PBXFileReference; lastKnownFileType = sourcecode.swift; path = UserServiceDummy.swift; sourceTree = "<group>"; };
		41F0BF7E29AB787F00A21B4F /* LogInViewControllerProtocol.swift */ = {isa = PBXFileReference; lastKnownFileType = sourcecode.swift; path = LogInViewControllerProtocol.swift; sourceTree = "<group>"; };
		41F0BF8129AB7A5400A21B4F /* ProfileViewControllerProtocol.swift */ = {isa = PBXFileReference; lastKnownFileType = sourcecode.swift; path = ProfileViewControllerProtocol.swift; sourceTree = "<group>"; };
		41F353E1293FA3CA00B906A6 /* CheckerServiceProtocol.swift */ = {isa = PBXFileReference; lastKnownFileType = sourcecode.swift; path = CheckerServiceProtocol.swift; sourceTree = "<group>"; };
		41F353E3293FA49200B906A6 /* CheckerService.swift */ = {isa = PBXFileReference; lastKnownFileType = sourcecode.swift; path = CheckerService.swift; sourceTree = "<group>"; };
		41F37E70283FE81C00514E0A /* SignUpViewControllerDelegateProtocol.swift */ = {isa = PBXFileReference; lastKnownFileType = sourcecode.swift; path = SignUpViewControllerDelegateProtocol.swift; sourceTree = "<group>"; };
		4707456AEBC2D93E85EEF195 /* Pods_Navigation.framework */ = {isa = PBXFileReference; explicitFileType = wrapper.framework; includeInIndex = 0; path = Pods_Navigation.framework; sourceTree = BUILT_PRODUCTS_DIR; };
		D6F26C2E66181ED9A30F8C8B /* Pods-Navigation.debug.xcconfig */ = {isa = PBXFileReference; includeInIndex = 1; lastKnownFileType = text.xcconfig; name = "Pods-Navigation.debug.xcconfig"; path = "Target Support Files/Pods-Navigation/Pods-Navigation.debug.xcconfig"; sourceTree = "<group>"; };
/* End PBXFileReference section */

/* Begin PBXFrameworksBuildPhase section */
		413CA01129A2386100005D7F /* Frameworks */ = {
			isa = PBXFrameworksBuildPhase;
			buildActionMask = 2147483647;
			files = (
			);
			runOnlyForDeploymentPostprocessing = 0;
		};
		41B9053327BABC830020A8DD /* Frameworks */ = {
			isa = PBXFrameworksBuildPhase;
			buildActionMask = 2147483647;
			files = (
			);
			runOnlyForDeploymentPostprocessing = 0;
		};
		41E6CD07272075F50030EF9A /* Frameworks */ = {
			isa = PBXFrameworksBuildPhase;
			buildActionMask = 2147483647;
			files = (
				92EE84003CF65A457F6A62D8 /* Pods_Navigation.framework in Frameworks */,
				41FEC57627BEB4F800B92E40 /* iOSIntPackage in Frameworks */,
				41B9053D27BABC830020A8DD /* StorageService.framework in Frameworks */,
			);
			runOnlyForDeploymentPostprocessing = 0;
		};
/* End PBXFrameworksBuildPhase section */

/* Begin PBXGroup section */
		07716614BC270F4AACC7FB3D /* Frameworks */ = {
			isa = PBXGroup;
			children = (
				4707456AEBC2D93E85EEF195 /* Pods_Navigation.framework */,
			);
			name = Frameworks;
			sourceTree = "<group>";
		};
		41038DE429C8B6DB00CE8195 /* Posts */ = {
			isa = PBXGroup;
			children = (
				41038DE529C8B70500CE8195 /* PostAggregateDataProviderProtocol.swift */,
				41038DE729C8B78B00CE8195 /* DebugPostDataProvider.swift */,
				41038DE929C8B95600CE8195 /* PostListTableViewDataSource.swift */,
				41038DEB29C970D700CE8195 /* PostAggregate.swift */,
				41038DED29C9719600CE8195 /* BloggerPreview.swift */,
				41038DEF29C9746400CE8195 /* PostItemTableViewCell.swift */,
				41C270B629CACC4A00B40F43 /* FirestorePostAggregateDataProvider.swift */,
				41C270B829CC2A2A00B40F43 /* PostItem.swift */,
				4194721427F9AF010075A056 /* PostAggregateViewController.swift */,
				41C270BA29CF6E5100B40F43 /* BloggerDataProviderProtocol.swift */,
				41C270BC29CF6EBF00B40F43 /* FirestoreBloggerDataProvider.swift */,
				41C270BE29D00D0D00B40F43 /* PostComment.swift */,
				41C270C029D00E7C00B40F43 /* PostCommentDataProviderProtocol.swift */,
				41C270C229D01E7900B40F43 /* FirestorePostCommentDataProvider.swift */,
				41C270C429D03AB500B40F43 /* PostDataProviderProtocol.swift */,
				41C270C629D03B3500B40F43 /* FirestorePostDataProvider.swift */,
				41C270C829D0448F00B40F43 /* PostAggregateDetailViewCoordinator.swift */,
				41C270CA29D05ECF00B40F43 /* CreatePostViewController.swift */,
				41C270CC29D0614900B40F43 /* PostItemFormCoordinator.swift */,
				41C270CE29D067C300B40F43 /* PostItemDataStorageProtocol.swift */,
				41C270D029D0683C00B40F43 /* FirestorePostItemDataStorage.swift */,
				41C270D429D15D5400B40F43 /* FileUploaderProtocol.swift */,
				41C270D629D15DCE00B40F43 /* UploadcareFileUploader.swift */,
				41C270DE29D4A29900B40F43 /* BloggerDataStorageProtocol.swift */,
				41C270E029D4A33200B40F43 /* FirestoreBloggerDataStorage.swift */,
			);
			path = Posts;
			sourceTree = "<group>";
		};
		411F73EF27EEE96700555D97 /* Common */ = {
			isa = PBXGroup;
			children = (
				412D778329C7427700BD23E8 /* UiKit */,
				41A5EF7D2807EA0B00A12C07 /* Network */,
				411F73F027EEE99400555D97 /* CustomButton.swift */,
			);
			path = Common;
			sourceTree = "<group>";
		};
		412D778329C7427700BD23E8 /* UiKit */ = {
			isa = PBXGroup;
			children = (
				412D778429C742A200BD23E8 /* LightColorPalette.swift */,
				412D778629C7601400BD23E8 /* UiKitFacade.swift */,
				412D778A29C7648E00BD23E8 /* ColorPaletteProtocol.swift */,
				412D778C29C77A9200BD23E8 /* Typography.swift */,
				412D778E29C77AB000BD23E8 /* TypographyProtocol.swift */,
			);
			path = UiKit;
			sourceTree = "<group>";
		};
		4135194B27267386009739D1 /* Profile */ = {
			isa = PBXGroup;
			children = (
				4194721F27F9AF170075A056 /* CurrentUserService.swift */,
				4194721E27F9AF170075A056 /* User.swift */,
				4194721C27F9AF170075A056 /* UserService.swift */,
				41E6CD2827213DF00030EF9A /* ProfileViewController.swift */,
				4135194C272673A7009739D1 /* ProfileHeaderView.swift */,
				41A384E1273B938600B2B76C /* LogInViewController.swift */,
				41A384E4273B95B300B2B76C /* LogInView.swift */,
				411C845A274A6E670083FD12 /* ProfileTableHederView.swift */,
				415012BE275B98D900FF62BB /* PostTableViewCell.swift */,
				4149A94D27F577900030C223 /* ProfileCoordinator.swift */,
				411F73E127E5C0E200555D97 /* LoginViewControllerDelegateProtocol.swift */,
				411F73E427E5C12F00555D97 /* LoginInspector.swift */,
				411F73E727E6162300555D97 /* LoginFactoryProtocol.swift */,
				411F73EB27E616DE00555D97 /* LoginFactory.swift */,
				41F37E70283FE81C00514E0A /* SignUpViewControllerDelegateProtocol.swift */,
				41F353E1293FA3CA00B906A6 /* CheckerServiceProtocol.swift */,
				41F353E3293FA49200B906A6 /* CheckerService.swift */,
				41C3FD6929698B23009D3920 /* AuthUserStorageProtocol.swift */,
				41C3FD6B29698B67009D3920 /* StoredAuthUserProtocol.swift */,
				41C3FD6D29698C0E009D3920 /* RealmAuthUserStorage.swift */,
				41C3FD6F29698C4B009D3920 /* RealmStoredAuthUser.swift */,
				413CA01D29A23F6000005D7F /* ProfileFactoryProtocol.swift */,
				413CA01F29A23FB600005D7F /* ProfileFactory.swift */,
				41F0BF7E29AB787F00A21B4F /* LogInViewControllerProtocol.swift */,
				41F0BF8129AB7A5400A21B4F /* ProfileViewControllerProtocol.swift */,
				411A848A29AD09C2002AA549 /* LocalAuthorizationService.swift */,
				411A848C29AD0ABE002AA549 /* BiometricIDAuth.swift */,
			);
			path = Profile;
			sourceTree = "<group>";
		};
		413CA01529A2386100005D7F /* NavigationTests */ = {
			isa = PBXGroup;
			children = (
				41F0BF7029AB6EC800A21B4F /* Test Doubles */,
				41F0BF6529AB6ACB00A21B4F /* Profile */,
			);
			path = NavigationTests;
			sourceTree = "<group>";
		};
		4149A94827F571CA0030C223 /* Feed */ = {
			isa = PBXGroup;
			children = (
				4194722727F9B0F70075A056 /* FeedViewController.swift */,
				4194721127F9AF000075A056 /* FeedView.swift */,
				4149A94A27F5733B0030C223 /* FeedCoordinator.swift */,
				4149A95027F607650030C223 /* FeedPresenter.swift */,
				4149A95327F6BA660030C223 /* FeedViewDelegate.swift */,
			);
			path = Feed;
			sourceTree = "<group>";
		};
		41A5EF7D2807EA0B00A12C07 /* Network */ = {
			isa = PBXGroup;
			children = (
				41A5EF822807EA3F00A12C07 /* NetworkService.swift */,
			);
			path = Network;
			sourceTree = "<group>";
		};
		41B9053727BABC830020A8DD /* StorageService */ = {
			isa = PBXGroup;
			children = (
				4135193C2721C798009739D1 /* Post.swift */,
				41B9053827BABC830020A8DD /* StorageService.h */,
				41B9053927BABC830020A8DD /* Info.plist */,
			);
			path = StorageService;
			sourceTree = "<group>";
		};
		41E6CD01272075F50030EF9A = {
			isa = PBXGroup;
			children = (
				413118FA2835518E00582FCE /* GoogleService-Info.plist */,
				41E6CD0C272075F60030EF9A /* Navigation */,
				41B9053727BABC830020A8DD /* StorageService */,
				413CA01529A2386100005D7F /* NavigationTests */,
				41E6CD0B272075F60030EF9A /* Products */,
				E46FE82746DAB04AB35FB1DC /* Pods */,
				07716614BC270F4AACC7FB3D /* Frameworks */,
			);
			sourceTree = "<group>";
		};
		41E6CD0B272075F60030EF9A /* Products */ = {
			isa = PBXGroup;
			children = (
				41E6CD0A272075F60030EF9A /* Navigation.app */,
				41B9053627BABC830020A8DD /* StorageService.framework */,
				413CA01429A2386100005D7F /* NavigationTests.xctest */,
			);
			name = Products;
			sourceTree = "<group>";
		};
		41E6CD0C272075F60030EF9A /* Navigation */ = {
			isa = PBXGroup;
			children = (
				41C270D829D1690600B40F43 /* Config.xcconfig */,
				41038DE429C8B6DB00CE8195 /* Posts */,
				4149A94827F571CA0030C223 /* Feed */,
				411F73EF27EEE96700555D97 /* Common */,
				4135194B27267386009739D1 /* Profile */,
				41E6CD0D272075F60030EF9A /* AppDelegate.swift */,
				41E6CD0F272075F60030EF9A /* SceneDelegate.swift */,
				41E6CD16272075F90030EF9A /* Assets.xcassets */,
				41E6CD18272075F90030EF9A /* LaunchScreen.storyboard */,
				41E6CD1B272075F90030EF9A /* Info.plist */,
				4149A93C27F4AB1F0030C223 /* Coordinatable.swift */,
				4149A93F27F4AB820030C223 /* Presentable.swift */,
				4149A94227F4ADC50030C223 /* CoordinatorOutputProtocol.swift */,
				4149A94527F4AED20030C223 /* ApplicationCoordinator.swift */,
				411F73F527F03CB200555D97 /* NewPostValidator.swift */,
				411F73DE27E5BCC400555D97 /* CredentialsCheckerService.swift */,
				413CA00C29A0DA3B00005D7F /* Localizable.strings */,
				413CA00E29A204A300005D7F /* UIColorLightDarkExtension.swift */,
				413E71F329B0F78D00723D71 /* LocalNotificationsService.swift */,
				41C270D929D16B9900B40F43 /* Config.swift */,
			);
			path = Navigation;
			sourceTree = "<group>";
		};
		41F0BF6529AB6ACB00A21B4F /* Profile */ = {
			isa = PBXGroup;
			children = (
				41F0BF6629AB6AF200A21B4F /* ProfileCoordinatorTest.swift */,
			);
			path = Profile;
			sourceTree = "<group>";
		};
		41F0BF7029AB6EC800A21B4F /* Test Doubles */ = {
			isa = PBXGroup;
			children = (
				41F0BF7129AB6EE000A21B4F /* UINavigationControllerSpy.swift */,
				41F0BF7829AB718600A21B4F /* LoginFactoryDummy+TestDoubles.swift */,
				41F0BF7A29AB723300A21B4F /* ProfileFactoryDummy.swift */,
				41F0BF7C29AB728700A21B4F /* UserServiceDummy.swift */,
			);
			path = "Test Doubles";
			sourceTree = "<group>";
		};
		E46FE82746DAB04AB35FB1DC /* Pods */ = {
			isa = PBXGroup;
			children = (
				D6F26C2E66181ED9A30F8C8B /* Pods-Navigation.debug.xcconfig */,
				290D7993F50973178B8D57E3 /* Pods-Navigation.release.xcconfig */,
			);
			path = Pods;
			sourceTree = "<group>";
		};
/* End PBXGroup section */

/* Begin PBXHeadersBuildPhase section */
		41B9053127BABC830020A8DD /* Headers */ = {
			isa = PBXHeadersBuildPhase;
			buildActionMask = 2147483647;
			files = (
				41B9053A27BABC830020A8DD /* StorageService.h in Headers */,
			);
			runOnlyForDeploymentPostprocessing = 0;
		};
/* End PBXHeadersBuildPhase section */

/* Begin PBXNativeTarget section */
		413CA01329A2386100005D7F /* NavigationTests */ = {
			isa = PBXNativeTarget;
			buildConfigurationList = 413CA01A29A2386100005D7F /* Build configuration list for PBXNativeTarget "NavigationTests" */;
			buildPhases = (
				413CA01029A2386100005D7F /* Sources */,
				413CA01129A2386100005D7F /* Frameworks */,
				413CA01229A2386100005D7F /* Resources */,
			);
			buildRules = (
			);
			dependencies = (
				413CA01929A2386100005D7F /* PBXTargetDependency */,
			);
			name = NavigationTests;
			productName = NavigationTests;
			productReference = 413CA01429A2386100005D7F /* NavigationTests.xctest */;
			productType = "com.apple.product-type.bundle.unit-test";
		};
		41B9053527BABC830020A8DD /* StorageService */ = {
			isa = PBXNativeTarget;
			buildConfigurationList = 41B9054227BABC830020A8DD /* Build configuration list for PBXNativeTarget "StorageService" */;
			buildPhases = (
				41B9053127BABC830020A8DD /* Headers */,
				41B9053227BABC830020A8DD /* Sources */,
				41B9053327BABC830020A8DD /* Frameworks */,
				41B9053427BABC830020A8DD /* Resources */,
			);
			buildRules = (
			);
			dependencies = (
			);
			name = StorageService;
			productName = StorageService;
			productReference = 41B9053627BABC830020A8DD /* StorageService.framework */;
			productType = "com.apple.product-type.framework";
		};
		41E6CD09272075F50030EF9A /* Navigation */ = {
			isa = PBXNativeTarget;
			buildConfigurationList = 41E6CD1E272075F90030EF9A /* Build configuration list for PBXNativeTarget "Navigation" */;
			buildPhases = (
				0B2B3511B3FD2614B8A76F5B /* [CP] Check Pods Manifest.lock */,
				41E6CD06272075F50030EF9A /* Sources */,
				41E6CD07272075F50030EF9A /* Frameworks */,
				41E6CD08272075F50030EF9A /* Resources */,
				24682A712EEFD39B4E39D0FD /* [CP] Embed Pods Frameworks */,
				41B9053F27BABC830020A8DD /* Embed Frameworks */,
			);
			buildRules = (
			);
			dependencies = (
				41B9053C27BABC830020A8DD /* PBXTargetDependency */,
			);
			name = Navigation;
			packageProductDependencies = (
				41FEC57527BEB4F800B92E40 /* iOSIntPackage */,
			);
			productName = Navigation;
			productReference = 41E6CD0A272075F60030EF9A /* Navigation.app */;
			productType = "com.apple.product-type.application";
		};
/* End PBXNativeTarget section */

/* Begin PBXProject section */
		41E6CD02272075F50030EF9A /* Project object */ = {
			isa = PBXProject;
			attributes = {
				LastSwiftUpdateCheck = 1420;
				LastUpgradeCheck = 1240;
				TargetAttributes = {
					413CA01329A2386100005D7F = {
						CreatedOnToolsVersion = 14.2;
						TestTargetID = 41E6CD09272075F50030EF9A;
					};
					41B9053527BABC830020A8DD = {
						CreatedOnToolsVersion = 12.4;
					};
					41E6CD09272075F50030EF9A = {
						CreatedOnToolsVersion = 12.4;
					};
				};
			};
			buildConfigurationList = 41E6CD05272075F50030EF9A /* Build configuration list for PBXProject "Navigation" */;
			compatibilityVersion = "Xcode 9.3";
			developmentRegion = en;
			hasScannedForEncodings = 0;
			knownRegions = (
				en,
				Base,
				ru,
			);
			mainGroup = 41E6CD01272075F50030EF9A;
			packageReferences = (
				41FEC57427BEB4F800B92E40 /* XCRemoteSwiftPackageReference "iOSIntPackage" */,
				413118FD283554A500582FCE /* XCRemoteSwiftPackageReference "firebase-ios-sdk" */,
			);
			productRefGroup = 41E6CD0B272075F60030EF9A /* Products */;
			projectDirPath = "";
			projectRoot = "";
			targets = (
				41E6CD09272075F50030EF9A /* Navigation */,
				41B9053527BABC830020A8DD /* StorageService */,
				413CA01329A2386100005D7F /* NavigationTests */,
			);
		};
/* End PBXProject section */

/* Begin PBXResourcesBuildPhase section */
		413CA01229A2386100005D7F /* Resources */ = {
			isa = PBXResourcesBuildPhase;
			buildActionMask = 2147483647;
			files = (
			);
			runOnlyForDeploymentPostprocessing = 0;
		};
		41B9053427BABC830020A8DD /* Resources */ = {
			isa = PBXResourcesBuildPhase;
			buildActionMask = 2147483647;
			files = (
				413118FC2835518E00582FCE /* GoogleService-Info.plist in Resources */,
			);
			runOnlyForDeploymentPostprocessing = 0;
		};
		41E6CD08272075F50030EF9A /* Resources */ = {
			isa = PBXResourcesBuildPhase;
			buildActionMask = 2147483647;
			files = (
				413CA00A29A0DA3B00005D7F /* Localizable.strings in Resources */,
				41E6CD1A272075F90030EF9A /* LaunchScreen.storyboard in Resources */,
				41E6CD17272075F90030EF9A /* Assets.xcassets in Resources */,
				413118FB2835518E00582FCE /* GoogleService-Info.plist in Resources */,
			);
			runOnlyForDeploymentPostprocessing = 0;
		};
/* End PBXResourcesBuildPhase section */

/* Begin PBXShellScriptBuildPhase section */
		0B2B3511B3FD2614B8A76F5B /* [CP] Check Pods Manifest.lock */ = {
			isa = PBXShellScriptBuildPhase;
			buildActionMask = 2147483647;
			files = (
			);
			inputFileListPaths = (
			);
			inputPaths = (
				"${PODS_PODFILE_DIR_PATH}/Podfile.lock",
				"${PODS_ROOT}/Manifest.lock",
			);
			name = "[CP] Check Pods Manifest.lock";
			outputFileListPaths = (
			);
			outputPaths = (
				"$(DERIVED_FILE_DIR)/Pods-Navigation-checkManifestLockResult.txt",
			);
			runOnlyForDeploymentPostprocessing = 0;
			shellPath = /bin/sh;
			shellScript = "diff \"${PODS_PODFILE_DIR_PATH}/Podfile.lock\" \"${PODS_ROOT}/Manifest.lock\" > /dev/null\nif [ $? != 0 ] ; then\n    # print error to STDERR\n    echo \"error: The sandbox is not in sync with the Podfile.lock. Run 'pod install' or update your CocoaPods installation.\" >&2\n    exit 1\nfi\n# This output is used by Xcode 'outputs' to avoid re-running this script phase.\necho \"SUCCESS\" > \"${SCRIPT_OUTPUT_FILE_0}\"\n";
			showEnvVarsInLog = 0;
		};
		24682A712EEFD39B4E39D0FD /* [CP] Embed Pods Frameworks */ = {
			isa = PBXShellScriptBuildPhase;
			buildActionMask = 2147483647;
			files = (
			);
			inputFileListPaths = (
				"${PODS_ROOT}/Target Support Files/Pods-Navigation/Pods-Navigation-frameworks-${CONFIGURATION}-input-files.xcfilelist",
			);
			name = "[CP] Embed Pods Frameworks";
			outputFileListPaths = (
				"${PODS_ROOT}/Target Support Files/Pods-Navigation/Pods-Navigation-frameworks-${CONFIGURATION}-output-files.xcfilelist",
			);
			runOnlyForDeploymentPostprocessing = 0;
			shellPath = /bin/sh;
			shellScript = "\"${PODS_ROOT}/Target Support Files/Pods-Navigation/Pods-Navigation-frameworks.sh\"\n";
			showEnvVarsInLog = 0;
		};
/* End PBXShellScriptBuildPhase section */

/* Begin PBXSourcesBuildPhase section */
		413CA01029A2386100005D7F /* Sources */ = {
			isa = PBXSourcesBuildPhase;
			buildActionMask = 2147483647;
			files = (
				41F0BF6A29AB6CF400A21B4F /* ProfileFactoryProtocol.swift in Sources */,
				41F0BF6429AB6AC100A21B4F /* ProfileCoordinator.swift in Sources */,
				41F0BF8029AB787F00A21B4F /* LogInViewControllerProtocol.swift in Sources */,
				41F0BF6D29AB6D4500A21B4F /* UserService.swift in Sources */,
				41F0BF6829AB6C9900A21B4F /* Coordinatable.swift in Sources */,
				41F0BF8329AB7A5400A21B4F /* ProfileViewControllerProtocol.swift in Sources */,
				41F0BF7929AB718600A21B4F /* LoginFactoryDummy+TestDoubles.swift in Sources */,
				41F0BF6929AB6CC400A21B4F /* LoginFactoryProtocol.swift in Sources */,
				41F0BF7D29AB728700A21B4F /* UserServiceDummy.swift in Sources */,
				41F0BF6F29AB6D6900A21B4F /* SignUpViewControllerDelegateProtocol.swift in Sources */,
				41F0BF6B29AB6D3500A21B4F /* LoginViewControllerDelegateProtocol.swift in Sources */,
				41F0BF7B29AB723300A21B4F /* ProfileFactoryDummy.swift in Sources */,
				41F0BF6C29AB6D3D00A21B4F /* CurrentUserService.swift in Sources */,
				41F0BF7229AB6EE000A21B4F /* UINavigationControllerSpy.swift in Sources */,
				41F0BF6E29AB6D5500A21B4F /* User.swift in Sources */,
				41F0BF6729AB6AF200A21B4F /* ProfileCoordinatorTest.swift in Sources */,
			);
			runOnlyForDeploymentPostprocessing = 0;
		};
		41B9053227BABC830020A8DD /* Sources */ = {
			isa = PBXSourcesBuildPhase;
			buildActionMask = 2147483647;
			files = (
				41B9054427BABCD50020A8DD /* Post.swift in Sources */,
			);
			runOnlyForDeploymentPostprocessing = 0;
		};
		41E6CD06272075F50030EF9A /* Sources */ = {
			isa = PBXSourcesBuildPhase;
			buildActionMask = 2147483647;
			files = (
				412D778D29C77A9200BD23E8 /* Typography.swift in Sources */,
				41F0BF8229AB7A5400A21B4F /* ProfileViewControllerProtocol.swift in Sources */,
				41038DE629C8B70500CE8195 /* PostAggregateDataProviderProtocol.swift in Sources */,
				4194721927F9AF010075A056 /* PostAggregateViewController.swift in Sources */,
				411F73F127EEE99400555D97 /* CustomButton.swift in Sources */,
				41C3FD7029698C4B009D3920 /* RealmStoredAuthUser.swift in Sources */,
				41C270CB29D05ECF00B40F43 /* CreatePostViewController.swift in Sources */,
				41F0BF7F29AB787F00A21B4F /* LogInViewControllerProtocol.swift in Sources */,
				415012BF275B98D900FF62BB /* PostTableViewCell.swift in Sources */,
				41038DF029C9746400CE8195 /* PostItemTableViewCell.swift in Sources */,
				41C3FD6C29698B67009D3920 /* StoredAuthUserProtocol.swift in Sources */,
				41E6CD0E272075F60030EF9A /* AppDelegate.swift in Sources */,
				411F73E227E5C0E200555D97 /* LoginViewControllerDelegateProtocol.swift in Sources */,
				41C270D129D0683C00B40F43 /* FirestorePostItemDataStorage.swift in Sources */,
				41038DEA29C8B95600CE8195 /* PostListTableViewDataSource.swift in Sources */,
				4194722827F9B0F70075A056 /* FeedViewController.swift in Sources */,
				41C270C529D03AB500B40F43 /* PostDataProviderProtocol.swift in Sources */,
				41C270C929D0448F00B40F43 /* PostAggregateDetailViewCoordinator.swift in Sources */,
				411F73DF27E5BCC400555D97 /* CredentialsCheckerService.swift in Sources */,
				4149A94327F4ADC50030C223 /* CoordinatorOutputProtocol.swift in Sources */,
				41F37E71283FE81C00514E0A /* SignUpViewControllerDelegateProtocol.swift in Sources */,
				411A848B29AD09C2002AA549 /* LocalAuthorizationService.swift in Sources */,
				413CA02029A23FB600005D7F /* ProfileFactory.swift in Sources */,
				41C270D729D15DCE00B40F43 /* UploadcareFileUploader.swift in Sources */,
				41C270B929CC2A2A00B40F43 /* PostItem.swift in Sources */,
				4149A95427F6BA660030C223 /* FeedViewDelegate.swift in Sources */,
				41F353E2293FA3CB00B906A6 /* CheckerServiceProtocol.swift in Sources */,
				4149A93D27F4AB1F0030C223 /* Coordinatable.swift in Sources */,
				41C270D529D15D5400B40F43 /* FileUploaderProtocol.swift in Sources */,
				41C270E129D4A33200B40F43 /* FirestoreBloggerDataStorage.swift in Sources */,
				41C270C129D00E7C00B40F43 /* PostCommentDataProviderProtocol.swift in Sources */,
				41038DEE29C9719600CE8195 /* BloggerPreview.swift in Sources */,
				41C270CD29D0614900B40F43 /* PostItemFormCoordinator.swift in Sources */,
				41C270BB29CF6E5100B40F43 /* BloggerDataProviderProtocol.swift in Sources */,
				411F73E527E5C12F00555D97 /* LoginInspector.swift in Sources */,
				411F73E827E6162300555D97 /* LoginFactoryProtocol.swift in Sources */,
				41038DEC29C970D700CE8195 /* PostAggregate.swift in Sources */,
				413CA01E29A23F6000005D7F /* ProfileFactoryProtocol.swift in Sources */,
				411C845B274A6E670083FD12 /* ProfileTableHederView.swift in Sources */,
				41C3FD6A29698B23009D3920 /* AuthUserStorageProtocol.swift in Sources */,
				4149A95127F607650030C223 /* FeedPresenter.swift in Sources */,
				41C270C329D01E7900B40F43 /* FirestorePostCommentDataProvider.swift in Sources */,
				412D778F29C77AB000BD23E8 /* TypographyProtocol.swift in Sources */,
				41C270DF29D4A29900B40F43 /* BloggerDataStorageProtocol.swift in Sources */,
				41C270B729CACC4A00B40F43 /* FirestorePostAggregateDataProvider.swift in Sources */,
				41E6CD2927213DF00030EF9A /* ProfileViewController.swift in Sources */,
				411F73EC27E616DE00555D97 /* LoginFactory.swift in Sources */,
				41C270BF29D00D0D00B40F43 /* PostComment.swift in Sources */,
				4149A94E27F577900030C223 /* ProfileCoordinator.swift in Sources */,
				412D778B29C7648E00BD23E8 /* ColorPaletteProtocol.swift in Sources */,
				41F353E4293FA49200B906A6 /* CheckerService.swift in Sources */,
				41A5EF832807EA3F00A12C07 /* NetworkService.swift in Sources */,
				4194722227F9AF170075A056 /* User.swift in Sources */,
				41038DE829C8B78B00CE8195 /* DebugPostDataProvider.swift in Sources */,
				412D778529C742A200BD23E8 /* LightColorPalette.swift in Sources */,
				413CA00F29A204A300005D7F /* UIColorLightDarkExtension.swift in Sources */,
				41C270CF29D067C300B40F43 /* PostItemDataStorageProtocol.swift in Sources */,
				4135194D272673A7009739D1 /* ProfileHeaderView.swift in Sources */,
				41A384E2273B938600B2B76C /* LogInViewController.swift in Sources */,
				412D778729C7601500BD23E8 /* UiKitFacade.swift in Sources */,
				4194722327F9AF170075A056 /* CurrentUserService.swift in Sources */,
				4149A94027F4AB820030C223 /* Presentable.swift in Sources */,
				41C3FD6E29698C0E009D3920 /* RealmAuthUserStorage.swift in Sources */,
				4149A94B27F5733B0030C223 /* FeedCoordinator.swift in Sources */,
				413E71F429B0F78D00723D71 /* LocalNotificationsService.swift in Sources */,
				4194722027F9AF170075A056 /* UserService.swift in Sources */,
				4194721627F9AF010075A056 /* FeedView.swift in Sources */,
				41C270BD29CF6EBF00B40F43 /* FirestoreBloggerDataProvider.swift in Sources */,
				411F73F627F03CB200555D97 /* NewPostValidator.swift in Sources */,
				41E6CD10272075F60030EF9A /* SceneDelegate.swift in Sources */,
				41C270DA29D16B9900B40F43 /* Config.swift in Sources */,
				41C270C729D03B3500B40F43 /* FirestorePostDataProvider.swift in Sources */,
				41A384E5273B95B300B2B76C /* LogInView.swift in Sources */,
				4149A94627F4AED20030C223 /* ApplicationCoordinator.swift in Sources */,
				411A848D29AD0ABE002AA549 /* BiometricIDAuth.swift in Sources */,
			);
			runOnlyForDeploymentPostprocessing = 0;
		};
/* End PBXSourcesBuildPhase section */

/* Begin PBXTargetDependency section */
		413CA01929A2386100005D7F /* PBXTargetDependency */ = {
			isa = PBXTargetDependency;
			target = 41E6CD09272075F50030EF9A /* Navigation */;
			targetProxy = 413CA01829A2386100005D7F /* PBXContainerItemProxy */;
		};
		41B9053C27BABC830020A8DD /* PBXTargetDependency */ = {
			isa = PBXTargetDependency;
			target = 41B9053527BABC830020A8DD /* StorageService */;
			targetProxy = 41B9053B27BABC830020A8DD /* PBXContainerItemProxy */;
		};
/* End PBXTargetDependency section */

/* Begin PBXVariantGroup section */
		413CA00C29A0DA3B00005D7F /* Localizable.strings */ = {
			isa = PBXVariantGroup;
			children = (
				413CA00B29A0DA3B00005D7F /* en */,
				413CA00D29A0DA4100005D7F /* ru */,
			);
			name = Localizable.strings;
			sourceTree = "<group>";
		};
		41E6CD18272075F90030EF9A /* LaunchScreen.storyboard */ = {
			isa = PBXVariantGroup;
			children = (
				41E6CD19272075F90030EF9A /* Base */,
				413C9FFD29A0CCA400005D7F /* ru */,
			);
			name = LaunchScreen.storyboard;
			sourceTree = "<group>";
		};
/* End PBXVariantGroup section */

/* Begin XCBuildConfiguration section */
		413CA01B29A2386100005D7F /* Debug */ = {
			isa = XCBuildConfiguration;
			buildSettings = {
				BUNDLE_LOADER = "$(TEST_HOST)";
				CLANG_CXX_LANGUAGE_STANDARD = "gnu++20";
				CODE_SIGN_STYLE = Automatic;
				CURRENT_PROJECT_VERSION = 1;
				GENERATE_INFOPLIST_FILE = YES;
				IPHONEOS_DEPLOYMENT_TARGET = 16.2;
				MARKETING_VERSION = 1.0;
				PRODUCT_BUNDLE_IDENTIFIER = com.developergeorg.helloworld.NavigationTests;
				PRODUCT_NAME = "$(TARGET_NAME)";
				SWIFT_EMIT_LOC_STRINGS = NO;
				SWIFT_VERSION = 5.0;
				TARGETED_DEVICE_FAMILY = "1,2";
				TEST_HOST = "$(BUILT_PRODUCTS_DIR)/Navigation.app/$(BUNDLE_EXECUTABLE_FOLDER_PATH)/Navigation";
			};
			name = Debug;
		};
		413CA01C29A2386100005D7F /* Release */ = {
			isa = XCBuildConfiguration;
			buildSettings = {
				BUNDLE_LOADER = "$(TEST_HOST)";
				CLANG_CXX_LANGUAGE_STANDARD = "gnu++20";
				CODE_SIGN_STYLE = Automatic;
				CURRENT_PROJECT_VERSION = 1;
				GENERATE_INFOPLIST_FILE = YES;
				IPHONEOS_DEPLOYMENT_TARGET = 16.2;
				MARKETING_VERSION = 1.0;
				PRODUCT_BUNDLE_IDENTIFIER = com.developergeorg.helloworld.NavigationTests;
				PRODUCT_NAME = "$(TARGET_NAME)";
				SWIFT_EMIT_LOC_STRINGS = NO;
				SWIFT_VERSION = 5.0;
				TARGETED_DEVICE_FAMILY = "1,2";
				TEST_HOST = "$(BUILT_PRODUCTS_DIR)/Navigation.app/$(BUNDLE_EXECUTABLE_FOLDER_PATH)/Navigation";
			};
			name = Release;
		};
		41B9054027BABC830020A8DD /* Debug */ = {
			isa = XCBuildConfiguration;
			buildSettings = {
				CODE_SIGN_STYLE = Automatic;
				CURRENT_PROJECT_VERSION = 1;
				DEFINES_MODULE = YES;
				DYLIB_COMPATIBILITY_VERSION = 1;
				DYLIB_CURRENT_VERSION = 1;
				DYLIB_INSTALL_NAME_BASE = "@rpath";
				INFOPLIST_FILE = StorageService/Info.plist;
				INSTALL_PATH = "$(LOCAL_LIBRARY_DIR)/Frameworks";
				LD_RUNPATH_SEARCH_PATHS = (
					"$(inherited)",
					"@executable_path/Frameworks",
					"@loader_path/Frameworks",
				);
				PRODUCT_BUNDLE_IDENTIFIER = com.developergeorg.helloworld.StorageService;
				PRODUCT_NAME = "$(TARGET_NAME:c99extidentifier)";
				SKIP_INSTALL = YES;
				SWIFT_VERSION = 5.0;
				TARGETED_DEVICE_FAMILY = "1,2";
				VERSIONING_SYSTEM = "apple-generic";
				VERSION_INFO_PREFIX = "";
			};
			name = Debug;
		};
		41B9054127BABC830020A8DD /* Release */ = {
			isa = XCBuildConfiguration;
			buildSettings = {
				CODE_SIGN_STYLE = Automatic;
				CURRENT_PROJECT_VERSION = 1;
				DEFINES_MODULE = YES;
				DYLIB_COMPATIBILITY_VERSION = 1;
				DYLIB_CURRENT_VERSION = 1;
				DYLIB_INSTALL_NAME_BASE = "@rpath";
				INFOPLIST_FILE = StorageService/Info.plist;
				INSTALL_PATH = "$(LOCAL_LIBRARY_DIR)/Frameworks";
				LD_RUNPATH_SEARCH_PATHS = (
					"$(inherited)",
					"@executable_path/Frameworks",
					"@loader_path/Frameworks",
				);
				PRODUCT_BUNDLE_IDENTIFIER = com.developergeorg.helloworld.StorageService;
				PRODUCT_NAME = "$(TARGET_NAME:c99extidentifier)";
				SKIP_INSTALL = YES;
				SWIFT_VERSION = 5.0;
				TARGETED_DEVICE_FAMILY = "1,2";
				VERSIONING_SYSTEM = "apple-generic";
				VERSION_INFO_PREFIX = "";
			};
			name = Release;
		};
		41E6CD1C272075F90030EF9A /* Debug */ = {
			isa = XCBuildConfiguration;
			buildSettings = {
				ALWAYS_SEARCH_USER_PATHS = NO;
				CLANG_ANALYZER_LOCALIZABILITY_NONLOCALIZED = YES;
				CLANG_ANALYZER_NONNULL = YES;
				CLANG_ANALYZER_NUMBER_OBJECT_CONVERSION = YES_AGGRESSIVE;
				CLANG_CXX_LANGUAGE_STANDARD = "gnu++14";
				CLANG_CXX_LIBRARY = "libc++";
				CLANG_ENABLE_MODULES = YES;
				CLANG_ENABLE_OBJC_ARC = YES;
				CLANG_ENABLE_OBJC_WEAK = YES;
				CLANG_WARN_BLOCK_CAPTURE_AUTORELEASING = YES;
				CLANG_WARN_BOOL_CONVERSION = YES;
				CLANG_WARN_COMMA = YES;
				CLANG_WARN_CONSTANT_CONVERSION = YES;
				CLANG_WARN_DEPRECATED_OBJC_IMPLEMENTATIONS = YES;
				CLANG_WARN_DIRECT_OBJC_ISA_USAGE = YES_ERROR;
				CLANG_WARN_DOCUMENTATION_COMMENTS = YES;
				CLANG_WARN_EMPTY_BODY = YES;
				CLANG_WARN_ENUM_CONVERSION = YES;
				CLANG_WARN_INFINITE_RECURSION = YES;
				CLANG_WARN_INT_CONVERSION = YES;
				CLANG_WARN_NON_LITERAL_NULL_CONVERSION = YES;
				CLANG_WARN_OBJC_IMPLICIT_RETAIN_SELF = YES;
				CLANG_WARN_OBJC_LITERAL_CONVERSION = YES;
				CLANG_WARN_OBJC_ROOT_CLASS = YES_ERROR;
				CLANG_WARN_QUOTED_INCLUDE_IN_FRAMEWORK_HEADER = YES;
				CLANG_WARN_RANGE_LOOP_ANALYSIS = YES;
				CLANG_WARN_STRICT_PROTOTYPES = YES;
				CLANG_WARN_SUSPICIOUS_MOVE = YES;
				CLANG_WARN_UNGUARDED_AVAILABILITY = YES_AGGRESSIVE;
				CLANG_WARN_UNREACHABLE_CODE = YES;
				CLANG_WARN__DUPLICATE_METHOD_MATCH = YES;
				COPY_PHASE_STRIP = NO;
				DEBUG_INFORMATION_FORMAT = dwarf;
				ENABLE_STRICT_OBJC_MSGSEND = YES;
				ENABLE_TESTABILITY = YES;
				GCC_C_LANGUAGE_STANDARD = gnu11;
				GCC_DYNAMIC_NO_PIC = NO;
				GCC_NO_COMMON_BLOCKS = YES;
				GCC_OPTIMIZATION_LEVEL = 0;
				GCC_PREPROCESSOR_DEFINITIONS = (
					"DEBUG=1",
					"$(inherited)",
				);
				GCC_WARN_64_TO_32_BIT_CONVERSION = YES;
				GCC_WARN_ABOUT_RETURN_TYPE = YES_ERROR;
				GCC_WARN_UNDECLARED_SELECTOR = YES;
				GCC_WARN_UNINITIALIZED_AUTOS = YES_AGGRESSIVE;
				GCC_WARN_UNUSED_FUNCTION = YES;
				GCC_WARN_UNUSED_VARIABLE = YES;
				IPHONEOS_DEPLOYMENT_TARGET = 16.0;
				MTL_ENABLE_DEBUG_INFO = INCLUDE_SOURCE;
				MTL_FAST_MATH = YES;
				ONLY_ACTIVE_ARCH = YES;
				SDKROOT = iphoneos;
				SWIFT_ACTIVE_COMPILATION_CONDITIONS = DEBUG;
				SWIFT_OPTIMIZATION_LEVEL = "-Onone";
			};
			name = Debug;
		};
		41E6CD1D272075F90030EF9A /* Release */ = {
			isa = XCBuildConfiguration;
			baseConfigurationReference = 41C270D829D1690600B40F43 /* Config.xcconfig */;
			buildSettings = {
				ALWAYS_SEARCH_USER_PATHS = NO;
				CLANG_ANALYZER_LOCALIZABILITY_NONLOCALIZED = YES;
				CLANG_ANALYZER_NONNULL = YES;
				CLANG_ANALYZER_NUMBER_OBJECT_CONVERSION = YES_AGGRESSIVE;
				CLANG_CXX_LANGUAGE_STANDARD = "gnu++14";
				CLANG_CXX_LIBRARY = "libc++";
				CLANG_ENABLE_MODULES = YES;
				CLANG_ENABLE_OBJC_ARC = YES;
				CLANG_ENABLE_OBJC_WEAK = YES;
				CLANG_WARN_BLOCK_CAPTURE_AUTORELEASING = YES;
				CLANG_WARN_BOOL_CONVERSION = YES;
				CLANG_WARN_COMMA = YES;
				CLANG_WARN_CONSTANT_CONVERSION = YES;
				CLANG_WARN_DEPRECATED_OBJC_IMPLEMENTATIONS = YES;
				CLANG_WARN_DIRECT_OBJC_ISA_USAGE = YES_ERROR;
				CLANG_WARN_DOCUMENTATION_COMMENTS = YES;
				CLANG_WARN_EMPTY_BODY = YES;
				CLANG_WARN_ENUM_CONVERSION = YES;
				CLANG_WARN_INFINITE_RECURSION = YES;
				CLANG_WARN_INT_CONVERSION = YES;
				CLANG_WARN_NON_LITERAL_NULL_CONVERSION = YES;
				CLANG_WARN_OBJC_IMPLICIT_RETAIN_SELF = YES;
				CLANG_WARN_OBJC_LITERAL_CONVERSION = YES;
				CLANG_WARN_OBJC_ROOT_CLASS = YES_ERROR;
				CLANG_WARN_QUOTED_INCLUDE_IN_FRAMEWORK_HEADER = YES;
				CLANG_WARN_RANGE_LOOP_ANALYSIS = YES;
				CLANG_WARN_STRICT_PROTOTYPES = YES;
				CLANG_WARN_SUSPICIOUS_MOVE = YES;
				CLANG_WARN_UNGUARDED_AVAILABILITY = YES_AGGRESSIVE;
				CLANG_WARN_UNREACHABLE_CODE = YES;
				CLANG_WARN__DUPLICATE_METHOD_MATCH = YES;
				COPY_PHASE_STRIP = NO;
				DEBUG_INFORMATION_FORMAT = "dwarf-with-dsym";
				ENABLE_NS_ASSERTIONS = NO;
				ENABLE_STRICT_OBJC_MSGSEND = YES;
				GCC_C_LANGUAGE_STANDARD = gnu11;
				GCC_NO_COMMON_BLOCKS = YES;
				GCC_WARN_64_TO_32_BIT_CONVERSION = YES;
				GCC_WARN_ABOUT_RETURN_TYPE = YES_ERROR;
				GCC_WARN_UNDECLARED_SELECTOR = YES;
				GCC_WARN_UNINITIALIZED_AUTOS = YES_AGGRESSIVE;
				GCC_WARN_UNUSED_FUNCTION = YES;
				GCC_WARN_UNUSED_VARIABLE = YES;
				IPHONEOS_DEPLOYMENT_TARGET = 16.0;
				MTL_ENABLE_DEBUG_INFO = NO;
				MTL_FAST_MATH = YES;
				SDKROOT = iphoneos;
				SWIFT_COMPILATION_MODE = wholemodule;
				SWIFT_OPTIMIZATION_LEVEL = "-O";
				VALIDATE_PRODUCT = YES;
			};
			name = Release;
		};
		41E6CD1F272075F90030EF9A /* Debug */ = {
			isa = XCBuildConfiguration;
			baseConfigurationReference = D6F26C2E66181ED9A30F8C8B /* Pods-Navigation.debug.xcconfig */;
			buildSettings = {
				ALWAYS_EMBED_SWIFT_STANDARD_LIBRARIES = YES;
				ASSETCATALOG_COMPILER_APPICON_NAME = AppIcon;
				ASSETCATALOG_COMPILER_GLOBAL_ACCENT_COLOR_NAME = AccentColor;
				CODE_SIGN_STYLE = Automatic;
				INFOPLIST_FILE = Navigation/Info.plist;
				LD_RUNPATH_SEARCH_PATHS = (
					"$(inherited)",
					"@executable_path/Frameworks",
				);
				PRODUCT_BUNDLE_IDENTIFIER = com.developergeorg.helloworld.Navigation;
				PRODUCT_NAME = "$(TARGET_NAME)";
				SWIFT_VERSION = 5.0;
				TARGETED_DEVICE_FAMILY = "1,2";
			};
			name = Debug;
		};
		41E6CD20272075F90030EF9A /* Release */ = {
			isa = XCBuildConfiguration;
			baseConfigurationReference = 290D7993F50973178B8D57E3 /* Pods-Navigation.release.xcconfig */;
			buildSettings = {
				ALWAYS_EMBED_SWIFT_STANDARD_LIBRARIES = YES;
				ASSETCATALOG_COMPILER_APPICON_NAME = AppIcon;
				ASSETCATALOG_COMPILER_GLOBAL_ACCENT_COLOR_NAME = AccentColor;
				CODE_SIGN_STYLE = Automatic;
				INFOPLIST_FILE = Navigation/Info.plist;
				LD_RUNPATH_SEARCH_PATHS = (
					"$(inherited)",
					"@executable_path/Frameworks",
				);
				PRODUCT_BUNDLE_IDENTIFIER = com.developergeorg.helloworld.Navigation;
				PRODUCT_NAME = "$(TARGET_NAME)";
				SWIFT_VERSION = 5.0;
				TARGETED_DEVICE_FAMILY = "1,2";
			};
			name = Release;
		};
/* End XCBuildConfiguration section */

/* Begin XCConfigurationList section */
		413CA01A29A2386100005D7F /* Build configuration list for PBXNativeTarget "NavigationTests" */ = {
			isa = XCConfigurationList;
			buildConfigurations = (
				413CA01B29A2386100005D7F /* Debug */,
				413CA01C29A2386100005D7F /* Release */,
			);
			defaultConfigurationIsVisible = 0;
			defaultConfigurationName = Release;
		};
		41B9054227BABC830020A8DD /* Build configuration list for PBXNativeTarget "StorageService" */ = {
			isa = XCConfigurationList;
			buildConfigurations = (
				41B9054027BABC830020A8DD /* Debug */,
				41B9054127BABC830020A8DD /* Release */,
			);
			defaultConfigurationIsVisible = 0;
			defaultConfigurationName = Release;
		};
		41E6CD05272075F50030EF9A /* Build configuration list for PBXProject "Navigation" */ = {
			isa = XCConfigurationList;
			buildConfigurations = (
				41E6CD1C272075F90030EF9A /* Debug */,
				41E6CD1D272075F90030EF9A /* Release */,
			);
			defaultConfigurationIsVisible = 0;
			defaultConfigurationName = Release;
		};
		41E6CD1E272075F90030EF9A /* Build configuration list for PBXNativeTarget "Navigation" */ = {
			isa = XCConfigurationList;
			buildConfigurations = (
				41E6CD1F272075F90030EF9A /* Debug */,
				41E6CD20272075F90030EF9A /* Release */,
			);
			defaultConfigurationIsVisible = 0;
			defaultConfigurationName = Release;
		};
/* End XCConfigurationList section */

/* Begin XCRemoteSwiftPackageReference section */
		413118FD283554A500582FCE /* XCRemoteSwiftPackageReference "firebase-ios-sdk" */ = {
			isa = XCRemoteSwiftPackageReference;
			repositoryURL = "https://github.com/firebase/firebase-ios-sdk";
			requirement = {
				kind = upToNextMajorVersion;
				minimumVersion = 9.0.0;
			};
		};
		41FEC57427BEB4F800B92E40 /* XCRemoteSwiftPackageReference "iOSIntPackage" */ = {
			isa = XCRemoteSwiftPackageReference;
			repositoryURL = "https://github.com/TrueMax/iOSIntPackage.git";
			requirement = {
				kind = upToNextMajorVersion;
				minimumVersion = 3.2.3;
			};
		};
/* End XCRemoteSwiftPackageReference section */

/* Begin XCSwiftPackageProductDependency section */
		41FEC57527BEB4F800B92E40 /* iOSIntPackage */ = {
			isa = XCSwiftPackageProductDependency;
			package = 41FEC57427BEB4F800B92E40 /* XCRemoteSwiftPackageReference "iOSIntPackage" */;
			productName = iOSIntPackage;
		};
/* End XCSwiftPackageProductDependency section */
	};
	rootObject = 41E6CD02272075F50030EF9A /* Project object */;
}
